
Microsoft Visual Studio Solution File, Format Version 12.00
# Visual Studio Version 17
VisualStudioVersion = 17.4.33213.308
MinimumVisualStudioVersion = 10.0.40219.1
Project("{FAE04EC0-301F-11D3-BF4B-00C04F79EFBC}") = "SalesWebApp.Domain", "SalesWebApp.Domain\SalesWebApp.Domain.csproj", "{514E0035-53B8-4023-9D03-9E93BEB1BE73}"
EndProject
Project("{FAE04EC0-301F-11D3-BF4B-00C04F79EFBC}") = "SalesWebApp.Infrastructure", "SalesWebApp.Infrastructure\SalesWebApp.Infrastructure.csproj", "{0C462562-6AA5-41A0-8771-458C4B2BF0FB}"
EndProject
Project("{FAE04EC0-301F-11D3-BF4B-00C04F79EFBC}") = "SalesWebApp.Application", "SalesWebApp.Application\SalesWebApp.Application.csproj", "{8FFF616C-24D4-449B-ABCF-3F126751C639}"
EndProject
Project("{FAE04EC0-301F-11D3-BF4B-00C04F79EFBC}") = "SalesWebApp.Api", "SalesWebApp.Api\SalesWebApp.Api.csproj", "{BB3A4A8C-0EAA-4E52-9E34-CD35B7E7DD34}"
EndProject
Global
	GlobalSection(SolutionConfigurationPlatforms) = preSolution
		Debug|Any CPU = Debug|Any CPU
		Release|Any CPU = Release|Any CPU
	EndGlobalSection
	GlobalSection(ProjectConfigurationPlatforms) = postSolution
		{514E0035-53B8-4023-9D03-9E93BEB1BE73}.Debug|Any CPU.ActiveCfg = Debug|Any CPU
		{514E0035-53B8-4023-9D03-9E93BEB1BE73}.Debug|Any CPU.Build.0 = Debug|Any CPU
		{514E0035-53B8-4023-9D03-9E93BEB1BE73}.Release|Any CPU.ActiveCfg = Release|Any CPU
		{514E0035-53B8-4023-9D03-9E93BEB1BE73}.Release|Any CPU.Build.0 = Release|Any CPU
		{0C462562-6AA5-41A0-8771-458C4B2BF0FB}.Debug|Any CPU.ActiveCfg = Debug|Any CPU
		{0C462562-6AA5-41A0-8771-458C4B2BF0FB}.Debug|Any CPU.Build.0 = Debug|Any CPU
		{0C462562-6AA5-41A0-8771-458C4B2BF0FB}.Release|Any CPU.ActiveCfg = Release|Any CPU
		{0C462562-6AA5-41A0-8771-458C4B2BF0FB}.Release|Any CPU.Build.0 = Release|Any CPU
		{8FFF616C-24D4-449B-ABCF-3F126751C639}.Debug|Any CPU.ActiveCfg = Debug|Any CPU
		{8FFF616C-24D4-449B-ABCF-3F126751C639}.Debug|Any CPU.Build.0 = Debug|Any CPU
		{8FFF616C-24D4-449B-ABCF-3F126751C639}.Release|Any CPU.ActiveCfg = Release|Any CPU
		{8FFF616C-24D4-449B-ABCF-3F126751C639}.Release|Any CPU.Build.0 = Release|Any CPU
		{BB3A4A8C-0EAA-4E52-9E34-CD35B7E7DD34}.Debug|Any CPU.ActiveCfg = Debug|Any CPU
		{BB3A4A8C-0EAA-4E52-9E34-CD35B7E7DD34}.Debug|Any CPU.Build.0 = Debug|Any CPU
		{BB3A4A8C-0EAA-4E52-9E34-CD35B7E7DD34}.Release|Any CPU.ActiveCfg = Release|Any CPU
		{BB3A4A8C-0EAA-4E52-9E34-CD35B7E7DD34}.Release|Any CPU.Build.0 = Release|Any CPU
	EndGlobalSection
	GlobalSection(SolutionProperties) = preSolution
		HideSolutionNode = FALSE
	EndGlobalSection
	GlobalSection(ExtensibilityGlobals) = postSolution
		SolutionGuid = {2FBDFDEF-A042-4E20-9BD6-6FD464153D64}
	EndGlobalSection
EndGlobal
